// !$*UTF8*$!
{
	archiveVersion = 1;
	classes = {
	};
	objectVersion = 50;
	objects = {

/* Begin PBXBuildFile section */
		201BDE372197DCC2003A82B7 /* AppDelegate.swift in Sources */ = {isa = PBXBuildFile; fileRef = 201BDE362197DCC2003A82B7 /* AppDelegate.swift */; };
		201BDE392197DCC2003A82B7 /* ViewController.swift in Sources */ = {isa = PBXBuildFile; fileRef = 201BDE382197DCC2003A82B7 /* ViewController.swift */; };
		201BDE3C2197DCC2003A82B7 /* Main.storyboard in Resources */ = {isa = PBXBuildFile; fileRef = 201BDE3A2197DCC2003A82B7 /* Main.storyboard */; };
		201BDE3E2197DCC3003A82B7 /* Assets.xcassets in Resources */ = {isa = PBXBuildFile; fileRef = 201BDE3D2197DCC3003A82B7 /* Assets.xcassets */; };
		201BDE412197DCC3003A82B7 /* LaunchScreen.storyboard in Resources */ = {isa = PBXBuildFile; fileRef = 201BDE3F2197DCC3003A82B7 /* LaunchScreen.storyboard */; };
		201BDE462197DCC4003A82B7 /* calculator WatchKit App.app in Embed Watch Content */ = {isa = PBXBuildFile; fileRef = 201BDE452197DCC4003A82B7 /* calculator WatchKit App.app */; };
		201BDE4C2197DCC4003A82B7 /* Interface.storyboard in Resources */ = {isa = PBXBuildFile; fileRef = 201BDE4A2197DCC4003A82B7 /* Interface.storyboard */; };
		201BDE4E2197DCC4003A82B7 /* Assets.xcassets in Resources */ = {isa = PBXBuildFile; fileRef = 201BDE4D2197DCC4003A82B7 /* Assets.xcassets */; };
		201BDE552197DCC5003A82B7 /* calculator WatchKit Extension.appex in Embed App Extensions */ = {isa = PBXBuildFile; fileRef = 201BDE542197DCC5003A82B7 /* calculator WatchKit Extension.appex */; settings = {ATTRIBUTES = (RemoveHeadersOnCopy, ); }; };
		201BDE5A2197DCC5003A82B7 /* InterfaceController.swift in Sources */ = {isa = PBXBuildFile; fileRef = 201BDE592197DCC5003A82B7 /* InterfaceController.swift */; };
		201BDE5C2197DCC5003A82B7 /* ExtensionDelegate.swift in Sources */ = {isa = PBXBuildFile; fileRef = 201BDE5B2197DCC5003A82B7 /* ExtensionDelegate.swift */; };
		201BDE5E2197DCC5003A82B7 /* NotificationController.swift in Sources */ = {isa = PBXBuildFile; fileRef = 201BDE5D2197DCC5003A82B7 /* NotificationController.swift */; };
		201BDE602197DCC5003A82B7 /* Assets.xcassets in Resources */ = {isa = PBXBuildFile; fileRef = 201BDE5F2197DCC5003A82B7 /* Assets.xcassets */; };
/* End PBXBuildFile section */

/* Begin PBXContainerItemProxy section */
		201BDE472197DCC4003A82B7 /* PBXContainerItemProxy */ = {
			isa = PBXContainerItemProxy;
			containerPortal = 201BDE2B2197DCC2003A82B7 /* Project object */;
			proxyType = 1;
			remoteGlobalIDString = 201BDE442197DCC4003A82B7;
			remoteInfo = "calculator WatchKit App";
		};
		201BDE562197DCC5003A82B7 /* PBXContainerItemProxy */ = {
			isa = PBXContainerItemProxy;
			containerPortal = 201BDE2B2197DCC2003A82B7 /* Project object */;
			proxyType = 1;
			remoteGlobalIDString = 201BDE532197DCC5003A82B7;
			remoteInfo = "calculator WatchKit Extension";
		};
/* End PBXContainerItemProxy section */

/* Begin PBXCopyFilesBuildPhase section */
		201BDE682197DCC6003A82B7 /* Embed App Extensions */ = {
			isa = PBXCopyFilesBuildPhase;
			buildActionMask = 2147483647;
			dstPath = "";
			dstSubfolderSpec = 13;
			files = (
				201BDE552197DCC5003A82B7 /* calculator WatchKit Extension.appex in Embed App Extensions */,
			);
			name = "Embed App Extensions";
			runOnlyForDeploymentPostprocessing = 0;
		};
		201BDE6C2197DCC6003A82B7 /* Embed Watch Content */ = {
			isa = PBXCopyFilesBuildPhase;
			buildActionMask = 2147483647;
			dstPath = "$(CONTENTS_FOLDER_PATH)/Watch";
			dstSubfolderSpec = 16;
			files = (
				201BDE462197DCC4003A82B7 /* calculator WatchKit App.app in Embed Watch Content */,
			);
			name = "Embed Watch Content";
			runOnlyForDeploymentPostprocessing = 0;
		};
/* End PBXCopyFilesBuildPhase section */

/* Begin PBXFileReference section */
		201BDE332197DCC2003A82B7 /* calculator.app */ = {isa = PBXFileReference; explicitFileType = wrapper.application; includeInIndex = 0; path = calculator.app; sourceTree = BUILT_PRODUCTS_DIR; };
		201BDE362197DCC2003A82B7 /* AppDelegate.swift */ = {isa = PBXFileReference; lastKnownFileType = sourcecode.swift; path = AppDelegate.swift; sourceTree = "<group>"; };
		201BDE382197DCC2003A82B7 /* ViewController.swift */ = {isa = PBXFileReference; lastKnownFileType = sourcecode.swift; path = ViewController.swift; sourceTree = "<group>"; };
		201BDE3B2197DCC2003A82B7 /* Base */ = {isa = PBXFileReference; lastKnownFileType = file.storyboard; name = Base; path = Base.lproj/Main.storyboard; sourceTree = "<group>"; };
		201BDE3D2197DCC3003A82B7 /* Assets.xcassets */ = {isa = PBXFileReference; lastKnownFileType = folder.assetcatalog; path = Assets.xcassets; sourceTree = "<group>"; };
		201BDE402197DCC3003A82B7 /* Base */ = {isa = PBXFileReference; lastKnownFileType = file.storyboard; name = Base; path = Base.lproj/LaunchScreen.storyboard; sourceTree = "<group>"; };
		201BDE422197DCC3003A82B7 /* Info.plist */ = {isa = PBXFileReference; lastKnownFileType = text.plist.xml; path = Info.plist; sourceTree = "<group>"; };
		201BDE452197DCC4003A82B7 /* calculator WatchKit App.app */ = {isa = PBXFileReference; explicitFileType = wrapper.application; includeInIndex = 0; path = "calculator WatchKit App.app"; sourceTree = BUILT_PRODUCTS_DIR; };
		201BDE4B2197DCC4003A82B7 /* Base */ = {isa = PBXFileReference; lastKnownFileType = file.storyboard; name = Base; path = Base.lproj/Interface.storyboard; sourceTree = "<group>"; };
		201BDE4D2197DCC4003A82B7 /* Assets.xcassets */ = {isa = PBXFileReference; lastKnownFileType = folder.assetcatalog; path = Assets.xcassets; sourceTree = "<group>"; };
		201BDE4F2197DCC4003A82B7 /* Info.plist */ = {isa = PBXFileReference; lastKnownFileType = text.plist.xml; path = Info.plist; sourceTree = "<group>"; };
		201BDE542197DCC5003A82B7 /* calculator WatchKit Extension.appex */ = {isa = PBXFileReference; explicitFileType = "wrapper.app-extension"; includeInIndex = 0; path = "calculator WatchKit Extension.appex"; sourceTree = BUILT_PRODUCTS_DIR; };
		201BDE592197DCC5003A82B7 /* InterfaceController.swift */ = {isa = PBXFileReference; lastKnownFileType = sourcecode.swift; path = InterfaceController.swift; sourceTree = "<group>"; };
		201BDE5B2197DCC5003A82B7 /* ExtensionDelegate.swift */ = {isa = PBXFileReference; lastKnownFileType = sourcecode.swift; path = ExtensionDelegate.swift; sourceTree = "<group>"; };
		201BDE5D2197DCC5003A82B7 /* NotificationController.swift */ = {isa = PBXFileReference; lastKnownFileType = sourcecode.swift; path = NotificationController.swift; sourceTree = "<group>"; };
		201BDE5F2197DCC5003A82B7 /* Assets.xcassets */ = {isa = PBXFileReference; lastKnownFileType = folder.assetcatalog; path = Assets.xcassets; sourceTree = "<group>"; };
		201BDE612197DCC5003A82B7 /* Info.plist */ = {isa = PBXFileReference; lastKnownFileType = text.plist.xml; path = Info.plist; sourceTree = "<group>"; };
		201BDE622197DCC6003A82B7 /* PushNotificationPayload.apns */ = {isa = PBXFileReference; lastKnownFileType = text; path = PushNotificationPayload.apns; sourceTree = "<group>"; };
/* End PBXFileReference section */

/* Begin PBXFrameworksBuildPhase section */
		201BDE302197DCC2003A82B7 /* Frameworks */ = {
			isa = PBXFrameworksBuildPhase;
			buildActionMask = 2147483647;
			files = (
			);
			runOnlyForDeploymentPostprocessing = 0;
		};
		201BDE512197DCC5003A82B7 /* Frameworks */ = {
			isa = PBXFrameworksBuildPhase;
			buildActionMask = 2147483647;
			files = (
			);
			runOnlyForDeploymentPostprocessing = 0;
		};
/* End PBXFrameworksBuildPhase section */

/* Begin PBXGroup section */
		201BDE2A2197DCC2003A82B7 = {
			isa = PBXGroup;
			children = (
				201BDE352197DCC2003A82B7 /* calculator */,
				201BDE492197DCC4003A82B7 /* calculator WatchKit App */,
				201BDE582197DCC5003A82B7 /* calculator WatchKit Extension */,
				201BDE342197DCC2003A82B7 /* Products */,
			);
			sourceTree = "<group>";
		};
		201BDE342197DCC2003A82B7 /* Products */ = {
			isa = PBXGroup;
			children = (
				201BDE332197DCC2003A82B7 /* calculator.app */,
				201BDE452197DCC4003A82B7 /* calculator WatchKit App.app */,
				201BDE542197DCC5003A82B7 /* calculator WatchKit Extension.appex */,
			);
			name = Products;
			sourceTree = "<group>";
		};
		201BDE352197DCC2003A82B7 /* calculator */ = {
			isa = PBXGroup;
			children = (
				201BDE362197DCC2003A82B7 /* AppDelegate.swift */,
				201BDE382197DCC2003A82B7 /* ViewController.swift */,
				201BDE3A2197DCC2003A82B7 /* Main.storyboard */,
				201BDE3D2197DCC3003A82B7 /* Assets.xcassets */,
				201BDE3F2197DCC3003A82B7 /* LaunchScreen.storyboard */,
				201BDE422197DCC3003A82B7 /* Info.plist */,
			);
			path = calculator;
			sourceTree = "<group>";
		};
		201BDE492197DCC4003A82B7 /* calculator WatchKit App */ = {
			isa = PBXGroup;
			children = (
				201BDE4A2197DCC4003A82B7 /* Interface.storyboard */,
				201BDE4D2197DCC4003A82B7 /* Assets.xcassets */,
				201BDE4F2197DCC4003A82B7 /* Info.plist */,
			);
			path = "calculator WatchKit App";
			sourceTree = "<group>";
		};
		201BDE582197DCC5003A82B7 /* calculator WatchKit Extension */ = {
			isa = PBXGroup;
			children = (
				201BDE592197DCC5003A82B7 /* InterfaceController.swift */,
				201BDE5B2197DCC5003A82B7 /* ExtensionDelegate.swift */,
				201BDE5D2197DCC5003A82B7 /* NotificationController.swift */,
				201BDE5F2197DCC5003A82B7 /* Assets.xcassets */,
				201BDE612197DCC5003A82B7 /* Info.plist */,
				201BDE622197DCC6003A82B7 /* PushNotificationPayload.apns */,
			);
			path = "calculator WatchKit Extension";
			sourceTree = "<group>";
		};
/* End PBXGroup section */

/* Begin PBXNativeTarget section */
		201BDE322197DCC2003A82B7 /* calculator */ = {
			isa = PBXNativeTarget;
			buildConfigurationList = 201BDE6D2197DCC6003A82B7 /* Build configuration list for PBXNativeTarget "calculator" */;
			buildPhases = (
				201BDE2F2197DCC2003A82B7 /* Sources */,
				201BDE302197DCC2003A82B7 /* Frameworks */,
				201BDE312197DCC2003A82B7 /* Resources */,
				201BDE6C2197DCC6003A82B7 /* Embed Watch Content */,
			);
			buildRules = (
			);
			dependencies = (
				201BDE482197DCC4003A82B7 /* PBXTargetDependency */,
			);
			name = calculator;
			productName = calculator;
			productReference = 201BDE332197DCC2003A82B7 /* calculator.app */;
			productType = "com.apple.product-type.application";
		};
		201BDE442197DCC4003A82B7 /* calculator WatchKit App */ = {
			isa = PBXNativeTarget;
			buildConfigurationList = 201BDE692197DCC6003A82B7 /* Build configuration list for PBXNativeTarget "calculator WatchKit App" */;
			buildPhases = (
				201BDE432197DCC4003A82B7 /* Resources */,
				201BDE682197DCC6003A82B7 /* Embed App Extensions */,
			);
			buildRules = (
			);
			dependencies = (
				201BDE572197DCC5003A82B7 /* PBXTargetDependency */,
			);
			name = "calculator WatchKit App";
			productName = "calculator WatchKit App";
			productReference = 201BDE452197DCC4003A82B7 /* calculator WatchKit App.app */;
			productType = "com.apple.product-type.application.watchapp2";
		};
		201BDE532197DCC5003A82B7 /* calculator WatchKit Extension */ = {
			isa = PBXNativeTarget;
			buildConfigurationList = 201BDE652197DCC6003A82B7 /* Build configuration list for PBXNativeTarget "calculator WatchKit Extension" */;
			buildPhases = (
				201BDE502197DCC5003A82B7 /* Sources */,
				201BDE512197DCC5003A82B7 /* Frameworks */,
				201BDE522197DCC5003A82B7 /* Resources */,
			);
			buildRules = (
			);
			dependencies = (
			);
			name = "calculator WatchKit Extension";
			productName = "calculator WatchKit Extension";
			productReference = 201BDE542197DCC5003A82B7 /* calculator WatchKit Extension.appex */;
			productType = "com.apple.product-type.watchkit2-extension";
		};
/* End PBXNativeTarget section */

/* Begin PBXProject section */
		201BDE2B2197DCC2003A82B7 /* Project object */ = {
			isa = PBXProject;
			attributes = {
				LastSwiftUpdateCheck = 1010;
				LastUpgradeCheck = 1010;
				ORGANIZATIONNAME = "Jagat Thakkar";
				TargetAttributes = {
					201BDE322197DCC2003A82B7 = {
						CreatedOnToolsVersion = 10.1;
					};
					201BDE442197DCC4003A82B7 = {
						CreatedOnToolsVersion = 10.1;
					};
					201BDE532197DCC5003A82B7 = {
						CreatedOnToolsVersion = 10.1;
					};
				};
			};
			buildConfigurationList = 201BDE2E2197DCC2003A82B7 /* Build configuration list for PBXProject "calculator" */;
			compatibilityVersion = "Xcode 9.3";
			developmentRegion = en;
			hasScannedForEncodings = 0;
			knownRegions = (
				en,
				Base,
			);
			mainGroup = 201BDE2A2197DCC2003A82B7;
			productRefGroup = 201BDE342197DCC2003A82B7 /* Products */;
			projectDirPath = "";
			projectRoot = "";
			targets = (
				201BDE322197DCC2003A82B7 /* calculator */,
				201BDE442197DCC4003A82B7 /* calculator WatchKit App */,
				201BDE532197DCC5003A82B7 /* calculator WatchKit Extension */,
			);
		};
/* End PBXProject section */

/* Begin PBXResourcesBuildPhase section */
		201BDE312197DCC2003A82B7 /* Resources */ = {
			isa = PBXResourcesBuildPhase;
			buildActionMask = 2147483647;
			files = (
				201BDE412197DCC3003A82B7 /* LaunchScreen.storyboard in Resources */,
				201BDE3E2197DCC3003A82B7 /* Assets.xcassets in Resources */,
				201BDE3C2197DCC2003A82B7 /* Main.storyboard in Resources */,
			);
			runOnlyForDeploymentPostprocessing = 0;
		};
		201BDE432197DCC4003A82B7 /* Resources */ = {
			isa = PBXResourcesBuildPhase;
			buildActionMask = 2147483647;
			files = (
				201BDE4E2197DCC4003A82B7 /* Assets.xcassets in Resources */,
				201BDE4C2197DCC4003A82B7 /* Interface.storyboard in Resources */,
			);
			runOnlyForDeploymentPostprocessing = 0;
		};
		201BDE522197DCC5003A82B7 /* Resources */ = {
			isa = PBXResourcesBuildPhase;
			buildActionMask = 2147483647;
			files = (
				201BDE602197DCC5003A82B7 /* Assets.xcassets in Resources */,
			);
			runOnlyForDeploymentPostprocessing = 0;
		};
/* End PBXResourcesBuildPhase section */

/* Begin PBXSourcesBuildPhase section */
		201BDE2F2197DCC2003A82B7 /* Sources */ = {
			isa = PBXSourcesBuildPhase;
			buildActionMask = 2147483647;
			files = (
				201BDE392197DCC2003A82B7 /* ViewController.swift in Sources */,
				201BDE372197DCC2003A82B7 /* AppDelegate.swift in Sources */,
			);
			runOnlyForDeploymentPostprocessing = 0;
		};
		201BDE502197DCC5003A82B7 /* Sources */ = {
			isa = PBXSourcesBuildPhase;
			buildActionMask = 2147483647;
			files = (
				201BDE5E2197DCC5003A82B7 /* NotificationController.swift in Sources */,
				201BDE5C2197DCC5003A82B7 /* ExtensionDelegate.swift in Sources */,
				201BDE5A2197DCC5003A82B7 /* InterfaceController.swift in Sources */,
			);
			runOnlyForDeploymentPostprocessing = 0;
		};
/* End PBXSourcesBuildPhase section */

/* Begin PBXTargetDependency section */
		201BDE482197DCC4003A82B7 /* PBXTargetDependency */ = {
			isa = PBXTargetDependency;
			target = 201BDE442197DCC4003A82B7 /* calculator WatchKit App */;
			targetProxy = 201BDE472197DCC4003A82B7 /* PBXContainerItemProxy */;
		};
		201BDE572197DCC5003A82B7 /* PBXTargetDependency */ = {
			isa = PBXTargetDependency;
			target = 201BDE532197DCC5003A82B7 /* calculator WatchKit Extension */;
			targetProxy = 201BDE562197DCC5003A82B7 /* PBXContainerItemProxy */;
		};
/* End PBXTargetDependency section */

/* Begin PBXVariantGroup section */
		201BDE3A2197DCC2003A82B7 /* Main.storyboard */ = {
			isa = PBXVariantGroup;
			children = (
				201BDE3B2197DCC2003A82B7 /* Base */,
			);
			name = Main.storyboard;
			sourceTree = "<group>";
		};
		201BDE3F2197DCC3003A82B7 /* LaunchScreen.storyboard */ = {
			isa = PBXVariantGroup;
			children = (
				201BDE402197DCC3003A82B7 /* Base */,
			);
			name = LaunchScreen.storyboard;
			sourceTree = "<group>";
		};
		201BDE4A2197DCC4003A82B7 /* Interface.storyboard */ = {
			isa = PBXVariantGroup;
			children = (
				201BDE4B2197DCC4003A82B7 /* Base */,
			);
			name = Interface.storyboard;
			sourceTree = "<group>";
		};
/* End PBXVariantGroup section */

/* Begin XCBuildConfiguration section */
		201BDE632197DCC6003A82B7 /* Debug */ = {
			isa = XCBuildConfiguration;
			buildSettings = {
				ALWAYS_SEARCH_USER_PATHS = NO;
				CLANG_ANALYZER_NONNULL = YES;
				CLANG_ANALYZER_NUMBER_OBJECT_CONVERSION = YES_AGGRESSIVE;
				CLANG_CXX_LANGUAGE_STANDARD = "gnu++14";
				CLANG_CXX_LIBRARY = "libc++";
				CLANG_ENABLE_MODULES = YES;
				CLANG_ENABLE_OBJC_ARC = YES;
				CLANG_ENABLE_OBJC_WEAK = YES;
				CLANG_WARN_BLOCK_CAPTURE_AUTORELEASING = YES;
				CLANG_WARN_BOOL_CONVERSION = YES;
				CLANG_WARN_COMMA = YES;
				CLANG_WARN_CONSTANT_CONVERSION = YES;
				CLANG_WARN_DEPRECATED_OBJC_IMPLEMENTATIONS = YES;
				CLANG_WARN_DIRECT_OBJC_ISA_USAGE = YES_ERROR;
				CLANG_WARN_DOCUMENTATION_COMMENTS = YES;
				CLANG_WARN_EMPTY_BODY = YES;
				CLANG_WARN_ENUM_CONVERSION = YES;
				CLANG_WARN_INFINITE_RECURSION = YES;
				CLANG_WARN_INT_CONVERSION = YES;
				CLANG_WARN_NON_LITERAL_NULL_CONVERSION = YES;
				CLANG_WARN_OBJC_IMPLICIT_RETAIN_SELF = YES;
				CLANG_WARN_OBJC_LITERAL_CONVERSION = YES;
				CLANG_WARN_OBJC_ROOT_CLASS = YES_ERROR;
				CLANG_WARN_RANGE_LOOP_ANALYSIS = YES;
				CLANG_WARN_STRICT_PROTOTYPES = YES;
				CLANG_WARN_SUSPICIOUS_MOVE = YES;
				CLANG_WARN_UNGUARDED_AVAILABILITY = YES_AGGRESSIVE;
				CLANG_WARN_UNREACHABLE_CODE = YES;
				CLANG_WARN__DUPLICATE_METHOD_MATCH = YES;
				CODE_SIGN_IDENTITY = "iPhone Developer";
				COPY_PHASE_STRIP = NO;
				DEBUG_INFORMATION_FORMAT = dwarf;
				ENABLE_STRICT_OBJC_MSGSEND = YES;
				ENABLE_TESTABILITY = YES;
				GCC_C_LANGUAGE_STANDARD = gnu11;
				GCC_DYNAMIC_NO_PIC = NO;
				GCC_NO_COMMON_BLOCKS = YES;
				GCC_OPTIMIZATION_LEVEL = 0;
				GCC_PREPROCESSOR_DEFINITIONS = (
					"DEBUG=1",
					"$(inherited)",
				);
				GCC_WARN_64_TO_32_BIT_CONVERSION = YES;
				GCC_WARN_ABOUT_RETURN_TYPE = YES_ERROR;
				GCC_WARN_UNDECLARED_SELECTOR = YES;
				GCC_WARN_UNINITIALIZED_AUTOS = YES_AGGRESSIVE;
				GCC_WARN_UNUSED_FUNCTION = YES;
				GCC_WARN_UNUSED_VARIABLE = YES;
				IPHONEOS_DEPLOYMENT_TARGET = 12.1;
				MTL_ENABLE_DEBUG_INFO = INCLUDE_SOURCE;
				MTL_FAST_MATH = YES;
				ONLY_ACTIVE_ARCH = YES;
				SDKROOT = iphoneos;
				SWIFT_ACTIVE_COMPILATION_CONDITIONS = DEBUG;
				SWIFT_OPTIMIZATION_LEVEL = "-Onone";
			};
			name = Debug;
		};
		201BDE642197DCC6003A82B7 /* Release */ = {
			isa = XCBuildConfiguration;
			buildSettings = {
				ALWAYS_SEARCH_USER_PATHS = NO;
				CLANG_ANALYZER_NONNULL = YES;
				CLANG_ANALYZER_NUMBER_OBJECT_CONVERSION = YES_AGGRESSIVE;
				CLANG_CXX_LANGUAGE_STANDARD = "gnu++14";
				CLANG_CXX_LIBRARY = "libc++";
				CLANG_ENABLE_MODULES = YES;
				CLANG_ENABLE_OBJC_ARC = YES;
				CLANG_ENABLE_OBJC_WEAK = YES;
				CLANG_WARN_BLOCK_CAPTURE_AUTORELEASING = YES;
				CLANG_WARN_BOOL_CONVERSION = YES;
				CLANG_WARN_COMMA = YES;
				CLANG_WARN_CONSTANT_CONVERSION = YES;
				CLANG_WARN_DEPRECATED_OBJC_IMPLEMENTATIONS = YES;
				CLANG_WARN_DIRECT_OBJC_ISA_USAGE = YES_ERROR;
				CLANG_WARN_DOCUMENTATION_COMMENTS = YES;
				CLANG_WARN_EMPTY_BODY = YES;
				CLANG_WARN_ENUM_CONVERSION = YES;
				CLANG_WARN_INFINITE_RECURSION = YES;
				CLANG_WARN_INT_CONVERSION = YES;
				CLANG_WARN_NON_LITERAL_NULL_CONVERSION = YES;
				CLANG_WARN_OBJC_IMPLICIT_RETAIN_SELF = YES;
				CLANG_WARN_OBJC_LITERAL_CONVERSION = YES;
				CLANG_WARN_OBJC_ROOT_CLASS = YES_ERROR;
				CLANG_WARN_RANGE_LOOP_ANALYSIS = YES;
				CLANG_WARN_STRICT_PROTOTYPES = YES;
				CLANG_WARN_SUSPICIOUS_MOVE = YES;
				CLANG_WARN_UNGUARDED_AVAILABILITY = YES_AGGRESSIVE;
				CLANG_WARN_UNREACHABLE_CODE = YES;
				CLANG_WARN__DUPLICATE_METHOD_MATCH = YES;
				CODE_SIGN_IDENTITY = "iPhone Developer";
				COPY_PHASE_STRIP = NO;
				DEBUG_INFORMATION_FORMAT = "dwarf-with-dsym";
				ENABLE_NS_ASSERTIONS = NO;
				ENABLE_STRICT_OBJC_MSGSEND = YES;
				GCC_C_LANGUAGE_STANDARD = gnu11;
				GCC_NO_COMMON_BLOCKS = YES;
				GCC_WARN_64_TO_32_BIT_CONVERSION = YES;
				GCC_WARN_ABOUT_RETURN_TYPE = YES_ERROR;
				GCC_WARN_UNDECLARED_SELECTOR = YES;
				GCC_WARN_UNINITIALIZED_AUTOS = YES_AGGRESSIVE;
				GCC_WARN_UNUSED_FUNCTION = YES;
				GCC_WARN_UNUSED_VARIABLE = YES;
				IPHONEOS_DEPLOYMENT_TARGET = 12.1;
				MTL_ENABLE_DEBUG_INFO = NO;
				MTL_FAST_MATH = YES;
				SDKROOT = iphoneos;
				SWIFT_COMPILATION_MODE = wholemodule;
				SWIFT_OPTIMIZATION_LEVEL = "-O";
				VALIDATE_PRODUCT = YES;
			};
			name = Release;
		};
		201BDE662197DCC6003A82B7 /* Debug */ = {
			isa = XCBuildConfiguration;
			buildSettings = {
				ASSETCATALOG_COMPILER_COMPLICATION_NAME = Complication;
				CODE_SIGN_STYLE = Automatic;
				DEVELOPMENT_TEAM = UZG2333X88;
				INFOPLIST_FILE = "calculator WatchKit Extension/Info.plist";
				LD_RUNPATH_SEARCH_PATHS = (
					"$(inherited)",
					"@executable_path/Frameworks",
					"@executable_path/../../Frameworks",
				);
				PRODUCT_BUNDLE_IDENTIFIER = jthakkar.calculator.watchkitapp.watchkitextension;
				PRODUCT_NAME = "${TARGET_NAME}";
				SDKROOT = watchos;
				SKIP_INSTALL = YES;
				SWIFT_VERSION = 4.2;
				TARGETED_DEVICE_FAMILY = 4;
				WATCHOS_DEPLOYMENT_TARGET = 5.1;
			};
			name = Debug;
		};
		201BDE672197DCC6003A82B7 /* Release */ = {
			isa = XCBuildConfiguration;
			buildSettings = {
				ASSETCATALOG_COMPILER_COMPLICATION_NAME = Complication;
				CODE_SIGN_STYLE = Automatic;
				DEVELOPMENT_TEAM = UZG2333X88;
				INFOPLIST_FILE = "calculator WatchKit Extension/Info.plist";
				LD_RUNPATH_SEARCH_PATHS = (
					"$(inherited)",
					"@executable_path/Frameworks",
					"@executable_path/../../Frameworks",
				);
				PRODUCT_BUNDLE_IDENTIFIER = jthakkar.calculator.watchkitapp.watchkitextension;
				PRODUCT_NAME = "${TARGET_NAME}";
				SDKROOT = watchos;
				SKIP_INSTALL = YES;
				SWIFT_VERSION = 4.2;
				TARGETED_DEVICE_FAMILY = 4;
				WATCHOS_DEPLOYMENT_TARGET = 5.1;
			};
			name = Release;
		};
		201BDE6A2197DCC6003A82B7 /* Debug */ = {
			isa = XCBuildConfiguration;
			buildSettings = {
				ALWAYS_EMBED_SWIFT_STANDARD_LIBRARIES = YES;
				ASSETCATALOG_COMPILER_APPICON_NAME = AppIcon;
				CODE_SIGN_STYLE = Automatic;
				DEVELOPMENT_TEAM = UZG2333X88;
				IBSC_MODULE = calculator_WatchKit_Extension;
				INFOPLIST_FILE = "calculator WatchKit App/Info.plist";
				PRODUCT_BUNDLE_IDENTIFIER = jthakkar.calculator.watchkitapp;
				PRODUCT_NAME = "$(TARGET_NAME)";
				SDKROOT = watchos;
				SKIP_INSTALL = YES;
				SWIFT_VERSION = 4.2;
				TARGETED_DEVICE_FAMILY = 4;
				WATCHOS_DEPLOYMENT_TARGET = 5.1;
			};
			name = Debug;
		};
		201BDE6B2197DCC6003A82B7 /* Release */ = {
			isa = XCBuildConfiguration;
			buildSettings = {
				ALWAYS_EMBED_SWIFT_STANDARD_LIBRARIES = YES;
				ASSETCATALOG_COMPILER_APPICON_NAME = AppIcon;
				CODE_SIGN_STYLE = Automatic;
				DEVELOPMENT_TEAM = UZG2333X88;
				IBSC_MODULE = calculator_WatchKit_Extension;
				INFOPLIST_FILE = "calculator WatchKit App/Info.plist";
				PRODUCT_BUNDLE_IDENTIFIER = jthakkar.calculator.watchkitapp;
				PRODUCT_NAME = "$(TARGET_NAME)";
				SDKROOT = watchos;
				SKIP_INSTALL = YES;
				SWIFT_VERSION = 4.2;
				TARGETED_DEVICE_FAMILY = 4;
				WATCHOS_DEPLOYMENT_TARGET = 5.1;
			};
			name = Release;
		};
		201BDE6E2197DCC6003A82B7 /* Debug */ = {
			isa = XCBuildConfiguration;
			buildSettings = {
				ASSETCATALOG_COMPILER_APPICON_NAME = AppIcon;
				CODE_SIGN_STYLE = Automatic;
				DEVELOPMENT_TEAM = UZG2333X88;
				INFOPLIST_FILE = calculator/Info.plist;
				LD_RUNPATH_SEARCH_PATHS = (
					"$(inherited)",
					"@executable_path/Frameworks",
				);
				PRODUCT_BUNDLE_IDENTIFIER = jthakkar.calculator;
				PRODUCT_NAME = "$(TARGET_NAME)";
				SWIFT_VERSION = 4.2;
				TARGETED_DEVICE_FAMILY = "1,2";
			};
			name = Debug;
		};
		201BDE6F2197DCC6003A82B7 /* Release */ = {
			isa = XCBuildConfiguration;
			buildSettings = {
				ASSETCATALOG_COMPILER_APPICON_NAME = AppIcon;
				CODE_SIGN_STYLE = Automatic;
				DEVELOPMENT_TEAM = UZG2333X88;
				INFOPLIST_FILE = calculator/Info.plist;
				LD_RUNPATH_SEARCH_PATHS = (
					"$(inherited)",
					"@executable_path/Frameworks",
				);
				PRODUCT_BUNDLE_IDENTIFIER = jthakkar.calculator;
				PRODUCT_NAME = "$(TARGET_NAME)";
				SWIFT_VERSION = 4.2;
				TARGETED_DEVICE_FAMILY = "1,2";
			};
			name = Release;
		};
/* End XCBuildConfiguration section */

/* Begin XCConfigurationList section */
		201BDE2E2197DCC2003A82B7 /* Build configuration list for PBXProject "calculator" */ = {
			isa = XCConfigurationList;
			buildConfigurations = (
				201BDE632197DCC6003A82B7 /* Debug */,
				201BDE642197DCC6003A82B7 /* Release */,
			);
			defaultConfigurationIsVisible = 0;
			defaultConfigurationName = Release;
		};
		201BDE652197DCC6003A82B7 /* Build configuration list for PBXNativeTarget "calculator WatchKit Extension" */ = {
			isa = XCConfigurationList;
			buildConfigurations = (
				201BDE662197DCC6003A82B7 /* Debug */,
				201BDE672197DCC6003A82B7 /* Release */,
			);
			defaultConfigurationIsVisible = 0;
			defaultConfigurationName = Release;
		};
		201BDE692197DCC6003A82B7 /* Build configuration list for PBXNativeTarget "calculator WatchKit App" */ = {
			isa = XCConfigurationList;
			buildConfigurations = (
				201BDE6A2197DCC6003A82B7 /* Debug */,
				201BDE6B2197DCC6003A82B7 /* Release */,
			);
			defaultConfigurationIsVisible = 0;
			defaultConfigurationName = Release;
		};
		201BDE6D2197DCC6003A82B7 /* Build configuration list for PBXNativeTarget "calculator" */ = {
			isa = XCConfigurationList;
			buildConfigurations = (
				201BDE6E2197DCC6003A82B7 /* Debug */,
				201BDE6F2197DCC6003A82B7 /* Release */,
			);
			defaultConfigurationIsVisible = 0;
			defaultConfigurationName = Release;
		};
/* End XCConfigurationList section */
	};
	rootObject = 201BDE2B2197DCC2003A82B7 /* Project object */;
}
